# This file is automatically @generated by Cargo.
# It is not intended for manual editing.
[[package]]
name = "cc"
version = "1.0.47"
source = "registry+https://github.com/rust-lang/crates.io-index"

[[package]]
name = "ffi_demo"
version = "0.1.0"
dependencies = [
 "cc 1.0.47 (registry+https://github.com/rust-lang/crates.io-index)",
 "libc 0.2.66 (registry+https://github.com/rust-lang/crates.io-index)",
]

[[package]]
name = "libc"
version = "0.2.66"
source = "registry+https://github.com/rust-lang/crates.io-index"

[metadata]
"checksum cc 1.0.47 (registry+https://github.com/rust-lang/crates.io-index)" = "aa87058dce70a3ff5621797f1506cb837edd02ac4c0ae642b4542dce802908b8"
"checksum libc 0.2.66 (registry+https://github.com/rust-lang/crates.io-index)" = "d515b1f41455adea1313a4a2ac8a8a477634fbae63cc6100e3aebb207ce61558"
